
Microsoft Visual Studio Solution File, Format Version 12.00
# Visual Studio Version 17
VisualStudioVersion = 17.7.34221.43
MinimumVisualStudioVersion = 10.0.40219.1
Project("{FAE04EC0-301F-11D3-BF4B-00C04F79EFBC}") = "AbcParcel", "AbcParcel\AbcParcel.csproj", "{FE1D7154-08EA-4ADB-A5E2-E70D8CA8336F}"
EndProject
Global
	GlobalSection(SolutionConfigurationPlatforms) = preSolution
		Debug|Any CPU = Debug|Any CPU
		Release|Any CPU = Release|Any CPU
	EndGlobalSection
	GlobalSection(ProjectConfigurationPlatforms) = postSolution
		{FE1D7154-08EA-4ADB-A5E2-E70D8CA8336F}.Debug|Any CPU.ActiveCfg = Debug|Any CPU
		{FE1D7154-08EA-4ADB-A5E2-E70D8CA8336F}.Debug|Any CPU.Build.0 = Debug|Any CPU
		{FE1D7154-08EA-4ADB-A5E2-E70D8CA8336F}.Release|Any CPU.ActiveCfg = Release|Any CPU
		{FE1D7154-08EA-4ADB-A5E2-E70D8CA8336F}.Release|Any CPU.Build.0 = Release|Any CPU
	EndGlobalSection
	GlobalSection(SolutionProperties) = preSolution
		HideSolutionNode = FALSE
	EndGlobalSection
	GlobalSection(ExtensibilityGlobals) = postSolution
		SolutionGuid = {909BC33F-B696-451A-AB3F-B6AE263CB7EC}
	EndGlobalSection
EndGlobal
