
Microsoft Visual Studio Solution File, Format Version 12.00
# Visual Studio Version 17
VisualStudioVersion = 17.7.34221.43
MinimumVisualStudioVersion = 10.0.40219.1
Project("{FAE04EC0-301F-11D3-BF4B-00C04F79EFBC}") = "MyPackageTracker", "MyPackageTracker\MyPackageTracker.csproj", "{7F9BA6D4-A60A-4C49-A251-88D709B9B9FA}"
EndProject
Global
	GlobalSection(SolutionConfigurationPlatforms) = preSolution
		Debug|Any CPU = Debug|Any CPU
		Release|Any CPU = Release|Any CPU
	EndGlobalSection
	GlobalSection(ProjectConfigurationPlatforms) = postSolution
		{7F9BA6D4-A60A-4C49-A251-88D709B9B9FA}.Debug|Any CPU.ActiveCfg = Debug|Any CPU
		{7F9BA6D4-A60A-4C49-A251-88D709B9B9FA}.Debug|Any CPU.Build.0 = Debug|Any CPU
		{7F9BA6D4-A60A-4C49-A251-88D709B9B9FA}.Release|Any CPU.ActiveCfg = Release|Any CPU
		{7F9BA6D4-A60A-4C49-A251-88D709B9B9FA}.Release|Any CPU.Build.0 = Release|Any CPU
	EndGlobalSection
	GlobalSection(SolutionProperties) = preSolution
		HideSolutionNode = FALSE
	EndGlobalSection
	GlobalSection(ExtensibilityGlobals) = postSolution
		SolutionGuid = {72E4633B-58E8-47C1-9446-60D20676BB0D}
	EndGlobalSection
EndGlobal
